
Microsoft Visual Studio Solution File, Format Version 12.00
# Visual Studio Version 16
VisualStudioVersion = 16.0.31424.327
MinimumVisualStudioVersion = 10.0.40219.1
Project("{FAE04EC0-301F-11D3-BF4B-00C04F79EFBC}") = "Entities", "Entities\Entities.csproj", "{B64799E6-192E-4590-B2CA-9022E8E5FCF5}"
EndProject
Project("{FAE04EC0-301F-11D3-BF4B-00C04F79EFBC}") = "DataAccess", "DataAccess\DataAccess.csproj", "{1311C4B9-8221-4BBB-B1A8-E31532A37922}"
EndProject
Project("{FAE04EC0-301F-11D3-BF4B-00C04F79EFBC}") = "Business", "Business\Business.csproj", "{A1D27CC0-00A9-42BE-9EFE-B3EB5B778D6F}"
EndProject
Project("{FAE04EC0-301F-11D3-BF4B-00C04F79EFBC}") = "ConsoleUI", "ConsoleUI\ConsoleUI.csproj", "{2849D7C5-B9C0-41B4-A9AD-31D6992F4782}"
EndProject
Project("{FAE04EC0-301F-11D3-BF4B-00C04F79EFBC}") = "Core", "Core\Core.csproj", "{814B44F6-D2CB-42D8-A40A-BFADCBBDC24F}"
EndProject
Global
	GlobalSection(SolutionConfigurationPlatforms) = preSolution
		Debug|Any CPU = Debug|Any CPU
		Release|Any CPU = Release|Any CPU
	EndGlobalSection
	GlobalSection(ProjectConfigurationPlatforms) = postSolution
		{B64799E6-192E-4590-B2CA-9022E8E5FCF5}.Debug|Any CPU.ActiveCfg = Debug|Any CPU
		{B64799E6-192E-4590-B2CA-9022E8E5FCF5}.Debug|Any CPU.Build.0 = Debug|Any CPU
		{B64799E6-192E-4590-B2CA-9022E8E5FCF5}.Release|Any CPU.ActiveCfg = Release|Any CPU
		{B64799E6-192E-4590-B2CA-9022E8E5FCF5}.Release|Any CPU.Build.0 = Release|Any CPU
		{1311C4B9-8221-4BBB-B1A8-E31532A37922}.Debug|Any CPU.ActiveCfg = Debug|Any CPU
		{1311C4B9-8221-4BBB-B1A8-E31532A37922}.Debug|Any CPU.Build.0 = Debug|Any CPU
		{1311C4B9-8221-4BBB-B1A8-E31532A37922}.Release|Any CPU.ActiveCfg = Release|Any CPU
		{1311C4B9-8221-4BBB-B1A8-E31532A37922}.Release|Any CPU.Build.0 = Release|Any CPU
		{A1D27CC0-00A9-42BE-9EFE-B3EB5B778D6F}.Debug|Any CPU.ActiveCfg = Debug|Any CPU
		{A1D27CC0-00A9-42BE-9EFE-B3EB5B778D6F}.Debug|Any CPU.Build.0 = Debug|Any CPU
		{A1D27CC0-00A9-42BE-9EFE-B3EB5B778D6F}.Release|Any CPU.ActiveCfg = Release|Any CPU
		{A1D27CC0-00A9-42BE-9EFE-B3EB5B778D6F}.Release|Any CPU.Build.0 = Release|Any CPU
		{2849D7C5-B9C0-41B4-A9AD-31D6992F4782}.Debug|Any CPU.ActiveCfg = Debug|Any CPU
		{2849D7C5-B9C0-41B4-A9AD-31D6992F4782}.Debug|Any CPU.Build.0 = Debug|Any CPU
		{2849D7C5-B9C0-41B4-A9AD-31D6992F4782}.Release|Any CPU.ActiveCfg = Release|Any CPU
		{2849D7C5-B9C0-41B4-A9AD-31D6992F4782}.Release|Any CPU.Build.0 = Release|Any CPU
		{814B44F6-D2CB-42D8-A40A-BFADCBBDC24F}.Debug|Any CPU.ActiveCfg = Debug|Any CPU
		{814B44F6-D2CB-42D8-A40A-BFADCBBDC24F}.Debug|Any CPU.Build.0 = Debug|Any CPU
		{814B44F6-D2CB-42D8-A40A-BFADCBBDC24F}.Release|Any CPU.ActiveCfg = Release|Any CPU
		{814B44F6-D2CB-42D8-A40A-BFADCBBDC24F}.Release|Any CPU.Build.0 = Release|Any CPU
	EndGlobalSection
	GlobalSection(SolutionProperties) = preSolution
		HideSolutionNode = FALSE
	EndGlobalSection
	GlobalSection(ExtensibilityGlobals) = postSolution
		SolutionGuid = {B461C18E-C0FF-4F39-B033-D8DA7509EE49}
	EndGlobalSection
EndGlobal
